
Microsoft Visual Studio Solution File, Format Version 12.00
# Visual Studio Version 16
VisualStudioVersion = 16.0.29020.237
MinimumVisualStudioVersion = 10.0.40219.1
Project("{FAE04EC0-301F-11D3-BF4B-00C04F79EFBC}") = "Strategy", "Strategy\Strategy.csproj", "{724CFFB8-082F-4D71-940A-17B097B1B73F}"
EndProject
Global
	GlobalSection(SolutionConfigurationPlatforms) = preSolution
		Debug|Any CPU = Debug|Any CPU
		Release|Any CPU = Release|Any CPU
	EndGlobalSection
	GlobalSection(ProjectConfigurationPlatforms) = postSolution
		{724CFFB8-082F-4D71-940A-17B097B1B73F}.Debug|Any CPU.ActiveCfg = Debug|Any CPU
		{724CFFB8-082F-4D71-940A-17B097B1B73F}.Debug|Any CPU.Build.0 = Debug|Any CPU
		{724CFFB8-082F-4D71-940A-17B097B1B73F}.Release|Any CPU.ActiveCfg = Release|Any CPU
		{724CFFB8-082F-4D71-940A-17B097B1B73F}.Release|Any CPU.Build.0 = Release|Any CPU
	EndGlobalSection
	GlobalSection(SolutionProperties) = preSolution
		HideSolutionNode = FALSE
	EndGlobalSection
	GlobalSection(ExtensibilityGlobals) = postSolution
		SolutionGuid = {8A0F8C10-9558-4DDE-AE73-C6C02CD1EBE3}
	EndGlobalSection
EndGlobal
